
Microsoft Visual Studio Solution File, Format Version 12.00
# Visual Studio 2013
VisualStudioVersion = 12.0.30324.0
MinimumVisualStudioVersion = 10.0.40219.1
Project("{FAE04EC0-301F-11D3-BF4B-00C04F79EFBC}") = "TypeScriptDefinitionGenerator", "TypeScriptDefinitionGenerator\TypeScriptDefinitionGenerator.csproj", "{EFB7F884-B614-45EB-B516-682EF5234620}"
EndProject
Project("{FAE04EC0-301F-11D3-BF4B-00C04F79EFBC}") = "ConsoleHost", "ConsoleHost\ConsoleHost.csproj", "{FE364F1B-61AB-4E25-A480-C0ACD4D2E59B}"
EndProject
Global
	GlobalSection(SolutionConfigurationPlatforms) = preSolution
		Debug|Any CPU = Debug|Any CPU
		Release|Any CPU = Release|Any CPU
	EndGlobalSection
	GlobalSection(ProjectConfigurationPlatforms) = postSolution
		{EFB7F884-B614-45EB-B516-682EF5234620}.Debug|Any CPU.ActiveCfg = Debug|Any CPU
		{EFB7F884-B614-45EB-B516-682EF5234620}.Debug|Any CPU.Build.0 = Debug|Any CPU
		{EFB7F884-B614-45EB-B516-682EF5234620}.Release|Any CPU.ActiveCfg = Release|Any CPU
		{EFB7F884-B614-45EB-B516-682EF5234620}.Release|Any CPU.Build.0 = Release|Any CPU
		{FE364F1B-61AB-4E25-A480-C0ACD4D2E59B}.Debug|Any CPU.ActiveCfg = Debug|Any CPU
		{FE364F1B-61AB-4E25-A480-C0ACD4D2E59B}.Debug|Any CPU.Build.0 = Debug|Any CPU
		{FE364F1B-61AB-4E25-A480-C0ACD4D2E59B}.Release|Any CPU.ActiveCfg = Release|Any CPU
		{FE364F1B-61AB-4E25-A480-C0ACD4D2E59B}.Release|Any CPU.Build.0 = Release|Any CPU
	EndGlobalSection
	GlobalSection(SolutionProperties) = preSolution
		HideSolutionNode = FALSE
	EndGlobalSection
EndGlobal
